
Microsoft Visual Studio Solution File, Format Version 12.00
# Visual Studio Version 16
VisualStudioVersion = 16.0.34729.46
MinimumVisualStudioVersion = 10.0.40219.1
Project("{FAE04EC0-301F-11D3-BF4B-00C04F79EFBC}") = "VruBookShop_worapot", "VruBookShop_worapot\VruBookShop_worapot.csproj", "{D2914863-7653-4556-990F-92DB0C1158AF}"
EndProject
Global
	GlobalSection(SolutionConfigurationPlatforms) = preSolution
		Debug|Any CPU = Debug|Any CPU
		Release|Any CPU = Release|Any CPU
	EndGlobalSection
	GlobalSection(ProjectConfigurationPlatforms) = postSolution
		{D2914863-7653-4556-990F-92DB0C1158AF}.Debug|Any CPU.ActiveCfg = Debug|Any CPU
		{D2914863-7653-4556-990F-92DB0C1158AF}.Debug|Any CPU.Build.0 = Debug|Any CPU
		{D2914863-7653-4556-990F-92DB0C1158AF}.Release|Any CPU.ActiveCfg = Release|Any CPU
		{D2914863-7653-4556-990F-92DB0C1158AF}.Release|Any CPU.Build.0 = Release|Any CPU
	EndGlobalSection
	GlobalSection(SolutionProperties) = preSolution
		HideSolutionNode = FALSE
	EndGlobalSection
	GlobalSection(ExtensibilityGlobals) = postSolution
		SolutionGuid = {59E5EA0B-A61E-4B53-B82A-A008D978FA72}
	EndGlobalSection
EndGlobal
